// !$*UTF8*$!
{
	archiveVersion = 1;
	classes = {
	};
	objectVersion = 46;
	objects = {

/* Begin PBXBuildFile section */
		22CF122B0EE9AAAD0054F513 /* watchdog.c in Sources */ = {isa = PBXBuildFile; fileRef = 22CF122A0EE9AAAD0054F513 /* watchdog.c */; };
		FC81261B1C9EDB3F00EBEB9D /* PwrUSBImp.h in Headers */ = {isa = PBXBuildFile; fileRef = FC81261A1C9EDB3F00EBEB9D /* PwrUSBImp.h */; };
		FC81261C1C9EF16400EBEB9D /* libpowerusb.dylib in Frameworks */ = {isa = PBXBuildFile; fileRef = FC81261E1C9EF16400EBEB9D /* libpowerusb.dylib */; };
/* End PBXBuildFile section */

/* Begin PBXCopyFilesBuildPhase section */
		FC81261F1C9EF21700EBEB9D /* Copy Files */ = {
			isa = PBXCopyFilesBuildPhase;
			buildActionMask = 2147483647;
			dstPath = "";
			dstSubfolderSpec = 10;
			files = (
			);
			name = "Copy Files";
			runOnlyForDeploymentPostprocessing = 0;
		};
/* End PBXCopyFilesBuildPhase section */

/* Begin PBXFileReference section */
		22CF10220EE984600054F513 /* maxmspsdk.xcconfig */ = {isa = PBXFileReference; fileEncoding = 4; lastKnownFileType = text.xcconfig; name = maxmspsdk.xcconfig; path = ../../maxmspsdk.xcconfig; sourceTree = SOURCE_ROOT; };
		22CF122A0EE9AAAD0054F513 /* watchdog.c */ = {isa = PBXFileReference; fileEncoding = 4; lastKnownFileType = sourcecode.c.c; path = watchdog.c; sourceTree = "<group>"; };
		2FBBEAE508F335360078DB84 /* watchdog.mxo */ = {isa = PBXFileReference; explicitFileType = wrapper.cfbundle; includeInIndex = 0; path = watchdog.mxo; sourceTree = BUILT_PRODUCTS_DIR; };
		FC81261A1C9EDB3F00EBEB9D /* PwrUSBImp.h */ = {isa = PBXFileReference; fileEncoding = 4; lastKnownFileType = sourcecode.c.h; path = PwrUSBImp.h; sourceTree = "<group>"; };
		FC81261D1C9EF16400EBEB9D /* en */ = {isa = PBXFileReference; lastKnownFileType = "compiled.mach-o.dylib"; name = en; path = en.lproj/libpowerusb.dylib; sourceTree = "<group>"; };
/* End PBXFileReference section */

/* Begin PBXFrameworksBuildPhase section */
		2FBBEADC08F335360078DB84 /* Frameworks */ = {
			isa = PBXFrameworksBuildPhase;
			buildActionMask = 2147483647;
			files = (
				FC81261C1C9EF16400EBEB9D /* libpowerusb.dylib in Frameworks */,
			);
			runOnlyForDeploymentPostprocessing = 0;
		};
/* End PBXFrameworksBuildPhase section */

/* Begin PBXGroup section */
		089C166AFE841209C02AAC07 /* iterator */ = {
			isa = PBXGroup;
			children = (
				FC81261A1C9EDB3F00EBEB9D /* PwrUSBImp.h */,
				FC81261E1C9EF16400EBEB9D /* libpowerusb.dylib */,
				22CF10220EE984600054F513 /* maxmspsdk.xcconfig */,
				22CF122A0EE9AAAD0054F513 /* watchdog.c */,
				19C28FB4FE9D528D11CA2CBB /* Products */,
			);
			name = iterator;
			sourceTree = "<group>";
		};
		19C28FB4FE9D528D11CA2CBB /* Products */ = {
			isa = PBXGroup;
			children = (
				2FBBEAE508F335360078DB84 /* watchdog.mxo */,
			);
			name = Products;
			sourceTree = "<group>";
		};
/* End PBXGroup section */

/* Begin PBXHeadersBuildPhase section */
		2FBBEAD708F335360078DB84 /* Headers */ = {
			isa = PBXHeadersBuildPhase;
			buildActionMask = 2147483647;
			files = (
				FC81261B1C9EDB3F00EBEB9D /* PwrUSBImp.h in Headers */,
			);
			runOnlyForDeploymentPostprocessing = 0;
		};
/* End PBXHeadersBuildPhase section */

/* Begin PBXNativeTarget section */
		2FBBEAD608F335360078DB84 /* max-external */ = {
			isa = PBXNativeTarget;
			buildConfigurationList = 2FBBEAE008F335360078DB84 /* Build configuration list for PBXNativeTarget "max-external" */;
			buildPhases = (
				2FBBEAD708F335360078DB84 /* Headers */,
				2FBBEAD808F335360078DB84 /* Resources */,
				2FBBEADA08F335360078DB84 /* Sources */,
				2FBBEADC08F335360078DB84 /* Frameworks */,
				2FBBEADF08F335360078DB84 /* Rez */,
				FC81261F1C9EF21700EBEB9D /* Copy Files */,
				FC8126211C9F066000EBEB9D /* Run Script */,
			);
			buildRules = (
			);
			dependencies = (
			);
			name = "max-external";
			productName = iterator;
			productReference = 2FBBEAE508F335360078DB84 /* watchdog.mxo */;
			productType = "com.apple.product-type.bundle";
		};
/* End PBXNativeTarget section */

/* Begin PBXProject section */
		089C1669FE841209C02AAC07 /* Project object */ = {
			isa = PBXProject;
			attributes = {
				KnownAssetTags = (
					New,
				);
				LastUpgradeCheck = 0720;
			};
			buildConfigurationList = 2FBBEACF08F335010078DB84 /* Build configuration list for PBXProject "watchdog" */;
			compatibilityVersion = "Xcode 3.2";
			developmentRegion = English;
			hasScannedForEncodings = 1;
			knownRegions = (
				en,
			);
			mainGroup = 089C166AFE841209C02AAC07 /* iterator */;
			projectDirPath = "";
			projectRoot = "";
			targets = (
				2FBBEAD608F335360078DB84 /* max-external */,
			);
		};
/* End PBXProject section */

/* Begin PBXResourcesBuildPhase section */
		2FBBEAD808F335360078DB84 /* Resources */ = {
			isa = PBXResourcesBuildPhase;
			buildActionMask = 2147483647;
			files = (
			);
			runOnlyForDeploymentPostprocessing = 0;
		};
/* End PBXResourcesBuildPhase section */

/* Begin PBXRezBuildPhase section */
		2FBBEADF08F335360078DB84 /* Rez */ = {
			isa = PBXRezBuildPhase;
			buildActionMask = 2147483647;
			files = (
			);
			runOnlyForDeploymentPostprocessing = 0;
		};
/* End PBXRezBuildPhase section */

/* Begin PBXShellScriptBuildPhase section */
		FC8126211C9F066000EBEB9D /* Run Script */ = {
			isa = PBXShellScriptBuildPhase;
			buildActionMask = 12;
			files = (
			);
			inputPaths = (
			);
			name = "Run Script";
			outputPaths = (
			);
			runOnlyForDeploymentPostprocessing = 0;
			shellPath = /bin/sh;
			shellScript = "export DYLIB=libpowerusb.dylib\nmkdir \"$TARGET_BUILD_DIR/$PROJECT_NAME.mxo/Contents/Frameworks\"\ncp -f \"$SRCROOT/$DYLIB\" \"$TARGET_BUILD_DIR/$PROJECT_NAME.mxo/Contents/Frameworks\"\ninstall_name_tool -change libpowerusb.dylib @loader_path/../Frameworks/$DYLIB \"$TARGET_BUILD_DIR/$PROJECT_NAME.mxo/Contents/MacOS/$PRODUCT_NAME\"";
		};
/* End PBXShellScriptBuildPhase section */

/* Begin PBXSourcesBuildPhase section */
		2FBBEADA08F335360078DB84 /* Sources */ = {
			isa = PBXSourcesBuildPhase;
			buildActionMask = 2147483647;
			files = (
				22CF122B0EE9AAAD0054F513 /* watchdog.c in Sources */,
			);
			runOnlyForDeploymentPostprocessing = 0;
		};
/* End PBXSourcesBuildPhase section */

/* Begin PBXVariantGroup section */
		FC81261E1C9EF16400EBEB9D /* libpowerusb.dylib */ = {
			isa = PBXVariantGroup;
			children = (
				FC81261D1C9EF16400EBEB9D /* en */,
			);
			name = libpowerusb.dylib;
			sourceTree = "<group>";
		};
/* End PBXVariantGroup section */

/* Begin XCBuildConfiguration section */
		2FBBEAD008F335010078DB84 /* Development */ = {
			isa = XCBuildConfiguration;
			buildSettings = {
				ARCHS = "$(ARCHS_STANDARD_32_64_BIT)";
				ENABLE_TESTABILITY = YES;
				ONLY_ACTIVE_ARCH = YES;
			};
			name = Development;
		};
		2FBBEAD108F335010078DB84 /* Deployment */ = {
			isa = XCBuildConfiguration;
			buildSettings = {
				ARCHS = "$(ARCHS_STANDARD_32_64_BIT)";
			};
			name = Deployment;
		};
		2FBBEAE108F335360078DB84 /* Development */ = {
			isa = XCBuildConfiguration;
			baseConfigurationReference = 22CF10220EE984600054F513 /* maxmspsdk.xcconfig */;
			buildSettings = {
				ARCHS = "$(ARCHS_STANDARD)";
				COMBINE_HIDPI_IMAGES = YES;
				COPY_PHASE_STRIP = NO;
				FRAMEWORK_SEARCH_PATHS = (
					"\"$(C74SUPPORT)/max-includes\"",
					"\"$(C74SUPPORT)/msp-includes\"",
					"\"$(C74SUPPORT)/jit-includes\"",
					"\"$(SRCROOT)\"",
					"\"$(PROJECT_DIR)",
				);
				GCC_OPTIMIZATION_LEVEL = 0;
				HEADER_SEARCH_PATHS = (
					"\"$(C74SUPPORT)/max-includes\"",
					"\"$(C74SUPPORT)/msp-includes\"",
					"\"$(C74SUPPORT)/jit-includes\"",
					"\"$(SRCROOT)\"",
					"\"$(PROJECT_DIR)\"",
				);
				LIBRARY_SEARCH_PATHS = (
					"$(inherited)",
					"$(PROJECT_DIR)",
				);
				OTHER_LDFLAGS = "$(C74_SYM_LINKER_FLAGS)";
				PRODUCT_NAME = watchdog;
			};
			name = Development;
		};
		2FBBEAE208F335360078DB84 /* Deployment */ = {
			isa = XCBuildConfiguration;
			baseConfigurationReference = 22CF10220EE984600054F513 /* maxmspsdk.xcconfig */;
			buildSettings = {
				ARCHS = "$(ARCHS_STANDARD)";
				COMBINE_HIDPI_IMAGES = YES;
				COPY_PHASE_STRIP = YES;
				FRAMEWORK_SEARCH_PATHS = (
					"\"$(C74SUPPORT)/max-includes\"",
					"\"$(C74SUPPORT)/msp-includes\"",
					"\"$(C74SUPPORT)/jit-includes\"",
					"\"$(SRCROOT)\"",
					"\"$(PROJECT_DIR)",
				);
				HEADER_SEARCH_PATHS = (
					"\"$(C74SUPPORT)/max-includes\"",
					"\"$(C74SUPPORT)/msp-includes\"",
					"\"$(C74SUPPORT)/jit-includes\"",
					"\"$(SRCROOT)\"",
					"\"$(PROJECT_DIR)\"",
				);
				LIBRARY_SEARCH_PATHS = (
					"$(inherited)",
					"$(PROJECT_DIR)",
				);
				OTHER_LDFLAGS = "$(C74_SYM_LINKER_FLAGS)";
				PRODUCT_NAME = watchdog;
			};
			name = Deployment;
		};
/* End XCBuildConfiguration section */

/* Begin XCConfigurationList section */
		2FBBEACF08F335010078DB84 /* Build configuration list for PBXProject "watchdog" */ = {
			isa = XCConfigurationList;
			buildConfigurations = (
				2FBBEAD008F335010078DB84 /* Development */,
				2FBBEAD108F335010078DB84 /* Deployment */,
			);
			defaultConfigurationIsVisible = 0;
			defaultConfigurationName = Development;
		};
		2FBBEAE008F335360078DB84 /* Build configuration list for PBXNativeTarget "max-external" */ = {
			isa = XCConfigurationList;
			buildConfigurations = (
				2FBBEAE108F335360078DB84 /* Development */,
				2FBBEAE208F335360078DB84 /* Deployment */,
			);
			defaultConfigurationIsVisible = 0;
			defaultConfigurationName = Development;
		};
/* End XCConfigurationList section */
	};
	rootObject = 089C1669FE841209C02AAC07 /* Project object */;
}
